{
  "nodes": {
    "choreo": {
      "flake": false,
      "locked": {
        "lastModified": 1782206705,
        "narHash": "sha256-PpCq/5JUSyZz4hBwBCBjrvnJgsNSqlAC5mRm9FEDOac=",
        "owner": "quint-co",
        "repo": "choreo",
        "rev": "000cf4eed315187dc6f216a148781cff7dde6521",
        "type": "github"
      },
      "original": {
        "owner": "quint-co",
        "repo": "choreo",
        "rev": "000cf4eed315187dc6f216a148781cff7dde6521",
        "type": "github"
      }
    },
    "flake-utils": {
      "inputs": {
        "systems": "systems"
      },
      "locked": {
        "lastModified": 1731533236,
        "narHash": "sha256-l0KFg5HjrsfsO/JpG+r7fRrqm12kzFHyUHqHCVpMMbI=",
        "owner": "numtide",
        "repo": "flake-utils",
        "rev": "11707dc2f618dd54ca8739b309ec4fc024de578b",
        "type": "github"
      },
      "original": {
        "owner": "numtide",
        "repo": "flake-utils",
        "type": "github"
      }
    },
    "lean4Source": {
      "flake": false,
      "locked": {
        "lastModified": 1781386375,
        "narHash": "sha256-up4Juc/IyMuggGLMSDgwYEOoMk/K5U8NI0jzeAKqhO0=",
        "owner": "leanprover",
        "repo": "lean4",
        "rev": "68218e876d2a38b1985b8590fff244a83c321783",
        "type": "github"
      },
      "original": {
        "owner": "leanprover",
        "repo": "lean4",
        "rev": "68218e876d2a38b1985b8590fff244a83c321783",
        "type": "github"
      }
    },
    "nixpkgs": {
      "locked": {
        "lastModified": 1778458615,
        "narHash": "sha256-cY07EsdhBJ8tFXPzDYevgqxRev9ZLxFonuq9wmq5kwg=",
        "owner": "NixOS",
        "repo": "nixpkgs",
        "rev": "c6e5ca3c836a5f4dd9af9f2c1fc1c38f0fac988a",
        "type": "github"
      },
      "original": {
        "owner": "NixOS",
        "ref": "nixpkgs-unstable",
        "repo": "nixpkgs",
        "type": "github"
      }
    },
    "quintConnect": {
      "flake": false,
      "locked": {
        "lastModified": 1779729703,
        "narHash": "sha256-wEX7u3+5hG4unr7doLqksninM8oe3jxyKT4DCzpvGe0=",
        "owner": "quint-co",
        "repo": "quint-connect",
        "rev": "4f018f54fc7dd4cef341d10111427bab59d3b307",
        "type": "github"
      },
      "original": {
        "owner": "quint-co",
        "repo": "quint-connect",
        "rev": "4f018f54fc7dd4cef341d10111427bab59d3b307",
        "type": "github"
      }
    },
    "quintLlmKit": {
      "flake": false,
      "locked": {
        "lastModified": 1782909526,
        "narHash": "sha256-foxnLAWxLKItABamN83sN1lX7BiPKGCbD6F6hSJCypc=",
        "owner": "quint-co",
        "repo": "quint-llm-kit",
        "rev": "cc75369f741af7d490936f82002c2d28e3b3d78d",
        "type": "github"
      },
      "original": {
        "owner": "quint-co",
        "repo": "quint-llm-kit",
        "rev": "cc75369f741af7d490936f82002c2d28e3b3d78d",
        "type": "github"
      }
    },
    "quintTraceExplorer": {
      "flake": false,
      "locked": {
        "lastModified": 1769760063,
        "narHash": "sha256-m9m/5PZWmZY2EyFvXXvGn+gf5hWMMDbyoVKysNo1iRw=",
        "owner": "quint-co",
        "repo": "quint-trace-explorer",
        "rev": "d6b3d1fddea79f93bb8cca9fbc70b508e49e8e48",
        "type": "github"
      },
      "original": {
        "owner": "quint-co",
        "repo": "quint-trace-explorer",
        "rev": "d6b3d1fddea79f93bb8cca9fbc70b508e49e8e48",
        "type": "github"
      }
    },
    "root": {
      "inputs": {
        "choreo": "choreo",
        "flake-utils": "flake-utils",
        "lean4Source": "lean4Source",
        "nixpkgs": "nixpkgs",
        "quintConnect": "quintConnect",
        "quintLlmKit": "quintLlmKit",
        "quintTraceExplorer": "quintTraceExplorer"
      }
    },
    "systems": {
      "locked": {
        "lastModified": 1681028828,
        "narHash": "sha256-Vy1rq5AaRuLzOxct8nz4T6wlgyUR7zLU309k9mBC768=",
        "owner": "nix-systems",
        "repo": "default",
        "rev": "da67096a3b9bf56a91d16901293e51ba5b49a27e",
        "type": "github"
      },
      "original": {
        "owner": "nix-systems",
        "repo": "default",
        "type": "github"
      }
    }
  },
  "root": "root",
  "version": 7
}
